
Microsoft Visual Studio Solution File, Format Version 12.00
# Visual Studio Version 16
VisualStudioVersion = 16.0.30225.117
MinimumVisualStudioVersion = 10.0.40219.1
Project("{FAE04EC0-301F-11D3-BF4B-00C04F79EFBC}") = "ClassLibrary1", "ClassLibrary1\ClassLibrary1.csproj", "{D18B74AE-2FB0-446C-AE4D-1C46B8A037C9}"
EndProject
Project("{FAE04EC0-301F-11D3-BF4B-00C04F79EFBC}") = "GUI", "GUI\GUI.csproj", "{74FF56A6-6930-4385-B31E-0D11C3C37ABF}"
EndProject
Project("{FAE04EC0-301F-11D3-BF4B-00C04F79EFBC}") = "XuLy", "XuLy\XuLy.csproj", "{87CE5294-277C-4783-B45F-79969758628A}"
EndProject
Global
	GlobalSection(SolutionConfigurationPlatforms) = preSolution
		Debug|Any CPU = Debug|Any CPU
		Release|Any CPU = Release|Any CPU
	EndGlobalSection
	GlobalSection(ProjectConfigurationPlatforms) = postSolution
		{D18B74AE-2FB0-446C-AE4D-1C46B8A037C9}.Debug|Any CPU.ActiveCfg = Debug|Any CPU
		{D18B74AE-2FB0-446C-AE4D-1C46B8A037C9}.Debug|Any CPU.Build.0 = Debug|Any CPU
		{D18B74AE-2FB0-446C-AE4D-1C46B8A037C9}.Release|Any CPU.ActiveCfg = Release|Any CPU
		{D18B74AE-2FB0-446C-AE4D-1C46B8A037C9}.Release|Any CPU.Build.0 = Release|Any CPU
		{74FF56A6-6930-4385-B31E-0D11C3C37ABF}.Debug|Any CPU.ActiveCfg = Debug|Any CPU
		{74FF56A6-6930-4385-B31E-0D11C3C37ABF}.Debug|Any CPU.Build.0 = Debug|Any CPU
		{74FF56A6-6930-4385-B31E-0D11C3C37ABF}.Release|Any CPU.ActiveCfg = Release|Any CPU
		{74FF56A6-6930-4385-B31E-0D11C3C37ABF}.Release|Any CPU.Build.0 = Release|Any CPU
		{87CE5294-277C-4783-B45F-79969758628A}.Debug|Any CPU.ActiveCfg = Debug|Any CPU
		{87CE5294-277C-4783-B45F-79969758628A}.Debug|Any CPU.Build.0 = Debug|Any CPU
		{87CE5294-277C-4783-B45F-79969758628A}.Release|Any CPU.ActiveCfg = Release|Any CPU
		{87CE5294-277C-4783-B45F-79969758628A}.Release|Any CPU.Build.0 = Release|Any CPU
	EndGlobalSection
	GlobalSection(SolutionProperties) = preSolution
		HideSolutionNode = FALSE
	EndGlobalSection
	GlobalSection(ExtensibilityGlobals) = postSolution
		SolutionGuid = {6618A300-72B8-4293-83D0-819AE97112B5}
	EndGlobalSection
EndGlobal
